
Microsoft Visual Studio Solution File, Format Version 12.00
# Visual Studio Version 17
VisualStudioVersion = 17.5.33502.453
MinimumVisualStudioVersion = 10.0.40219.1
Project("{FAE04EC0-301F-11D3-BF4B-00C04F79EFBC}") = "CollageManagement", "CollageManagement\CollageManagement.csproj", "{1098CB40-378D-4CC1-8AE1-7D73EEC8E304}"
EndProject
Global
	GlobalSection(SolutionConfigurationPlatforms) = preSolution
		Debug|Any CPU = Debug|Any CPU
		Release|Any CPU = Release|Any CPU
	EndGlobalSection
	GlobalSection(ProjectConfigurationPlatforms) = postSolution
		{1098CB40-378D-4CC1-8AE1-7D73EEC8E304}.Debug|Any CPU.ActiveCfg = Debug|Any CPU
		{1098CB40-378D-4CC1-8AE1-7D73EEC8E304}.Debug|Any CPU.Build.0 = Debug|Any CPU
		{1098CB40-378D-4CC1-8AE1-7D73EEC8E304}.Release|Any CPU.ActiveCfg = Release|Any CPU
		{1098CB40-378D-4CC1-8AE1-7D73EEC8E304}.Release|Any CPU.Build.0 = Release|Any CPU
	EndGlobalSection
	GlobalSection(SolutionProperties) = preSolution
		HideSolutionNode = FALSE
	EndGlobalSection
	GlobalSection(ExtensibilityGlobals) = postSolution
		SolutionGuid = {DFA70C72-CA1A-4FD7-BB5D-DDE63A315F91}
	EndGlobalSection
EndGlobal
